// !$*UTF8*$!
{
	archiveVersion = 1;
	classes = {
	};
	objectVersion = 56;
	objects = {

/* Begin PBXBuildFile section */
		9FB51D232B623A0C00FE9EE0 /* ListViewModel.swift in Sources */ = {isa = PBXBuildFile; fileRef = 9FB51D222B623A0C00FE9EE0 /* ListViewModel.swift */; };
		9FB51D262B62B2E900FE9EE0 /* MainView.swift in Sources */ = {isa = PBXBuildFile; fileRef = 9FB51D252B62B2E900FE9EE0 /* MainView.swift */; };
		E52AE6912B6041E8006D5183 /* PokedexApp.swift in Sources */ = {isa = PBXBuildFile; fileRef = E52AE6902B6041E8006D5183 /* PokedexApp.swift */; };
		E52AE6932B6041E8006D5183 /* ListView.swift in Sources */ = {isa = PBXBuildFile; fileRef = E52AE6922B6041E8006D5183 /* ListView.swift */; };
		E52AE6952B6041E9006D5183 /* Assets.xcassets in Resources */ = {isa = PBXBuildFile; fileRef = E52AE6942B6041E9006D5183 /* Assets.xcassets */; };
		E52AE6982B6041E9006D5183 /* Preview Assets.xcassets in Resources */ = {isa = PBXBuildFile; fileRef = E52AE6972B6041E9006D5183 /* Preview Assets.xcassets */; };
		E52AE6A22B6041E9006D5183 /* PokedexTests.swift in Sources */ = {isa = PBXBuildFile; fileRef = E52AE6A12B6041E9006D5183 /* PokedexTests.swift */; };
		E52AE6AC2B6041EA006D5183 /* PokedexUITests.swift in Sources */ = {isa = PBXBuildFile; fileRef = E52AE6AB2B6041EA006D5183 /* PokedexUITests.swift */; };
		E52AE6AE2B6041EA006D5183 /* PokedexUITestsLaunchTests.swift in Sources */ = {isa = PBXBuildFile; fileRef = E52AE6AD2B6041EA006D5183 /* PokedexUITestsLaunchTests.swift */; };
		E52AE6BE2B604A3D006D5183 /* Pokemon.swift in Sources */ = {isa = PBXBuildFile; fileRef = E52AE6BD2B604A3D006D5183 /* Pokemon.swift */; };
		E52AE6C02B6057D8006D5183 /* PokemonServiceManager.swift in Sources */ = {isa = PBXBuildFile; fileRef = E52AE6BF2B6057D8006D5183 /* PokemonServiceManager.swift */; };
/* End PBXBuildFile section */

/* Begin PBXContainerItemProxy section */
		E52AE69E2B6041E9006D5183 /* PBXContainerItemProxy */ = {
			isa = PBXContainerItemProxy;
			containerPortal = E52AE6852B6041E8006D5183 /* Project object */;
			proxyType = 1;
			remoteGlobalIDString = E52AE68C2B6041E8006D5183;
			remoteInfo = Pokedex;
		};
		E52AE6A82B6041EA006D5183 /* PBXContainerItemProxy */ = {
			isa = PBXContainerItemProxy;
			containerPortal = E52AE6852B6041E8006D5183 /* Project object */;
			proxyType = 1;
			remoteGlobalIDString = E52AE68C2B6041E8006D5183;
			remoteInfo = Pokedex;
		};
/* End PBXContainerItemProxy section */

/* Begin PBXFileReference section */
		9FB51D222B623A0C00FE9EE0 /* ListViewModel.swift */ = {isa = PBXFileReference; lastKnownFileType = sourcecode.swift; path = ListViewModel.swift; sourceTree = "<group>"; };
		9FB51D252B62B2E900FE9EE0 /* MainView.swift */ = {isa = PBXFileReference; lastKnownFileType = sourcecode.swift; path = MainView.swift; sourceTree = "<group>"; };
		E52AE68D2B6041E8006D5183 /* Pokedex.app */ = {isa = PBXFileReference; explicitFileType = wrapper.application; includeInIndex = 0; path = Pokedex.app; sourceTree = BUILT_PRODUCTS_DIR; };
		E52AE6902B6041E8006D5183 /* PokedexApp.swift */ = {isa = PBXFileReference; lastKnownFileType = sourcecode.swift; path = PokedexApp.swift; sourceTree = "<group>"; };
		E52AE6922B6041E8006D5183 /* ListView.swift */ = {isa = PBXFileReference; lastKnownFileType = sourcecode.swift; path = ListView.swift; sourceTree = "<group>"; };
		E52AE6942B6041E9006D5183 /* Assets.xcassets */ = {isa = PBXFileReference; lastKnownFileType = folder.assetcatalog; path = Assets.xcassets; sourceTree = "<group>"; };
		E52AE6972B6041E9006D5183 /* Preview Assets.xcassets */ = {isa = PBXFileReference; lastKnownFileType = folder.assetcatalog; path = "Preview Assets.xcassets"; sourceTree = "<group>"; };
		E52AE69D2B6041E9006D5183 /* PokedexTests.xctest */ = {isa = PBXFileReference; explicitFileType = wrapper.cfbundle; includeInIndex = 0; path = PokedexTests.xctest; sourceTree = BUILT_PRODUCTS_DIR; };
		E52AE6A12B6041E9006D5183 /* PokedexTests.swift */ = {isa = PBXFileReference; lastKnownFileType = sourcecode.swift; path = PokedexTests.swift; sourceTree = "<group>"; };
		E52AE6A72B6041EA006D5183 /* PokedexUITests.xctest */ = {isa = PBXFileReference; explicitFileType = wrapper.cfbundle; includeInIndex = 0; path = PokedexUITests.xctest; sourceTree = BUILT_PRODUCTS_DIR; };
		E52AE6AB2B6041EA006D5183 /* PokedexUITests.swift */ = {isa = PBXFileReference; lastKnownFileType = sourcecode.swift; path = PokedexUITests.swift; sourceTree = "<group>"; };
		E52AE6AD2B6041EA006D5183 /* PokedexUITestsLaunchTests.swift */ = {isa = PBXFileReference; lastKnownFileType = sourcecode.swift; path = PokedexUITestsLaunchTests.swift; sourceTree = "<group>"; };
		E52AE6BD2B604A3D006D5183 /* Pokemon.swift */ = {isa = PBXFileReference; lastKnownFileType = sourcecode.swift; path = Pokemon.swift; sourceTree = "<group>"; };
		E52AE6BF2B6057D8006D5183 /* PokemonServiceManager.swift */ = {isa = PBXFileReference; lastKnownFileType = sourcecode.swift; path = PokemonServiceManager.swift; sourceTree = "<group>"; };
/* End PBXFileReference section */

/* Begin PBXFrameworksBuildPhase section */
		E52AE68A2B6041E8006D5183 /* Frameworks */ = {
			isa = PBXFrameworksBuildPhase;
			buildActionMask = 2147483647;
			files = (
			);
			runOnlyForDeploymentPostprocessing = 0;
		};
		E52AE69A2B6041E9006D5183 /* Frameworks */ = {
			isa = PBXFrameworksBuildPhase;
			buildActionMask = 2147483647;
			files = (
			);
			runOnlyForDeploymentPostprocessing = 0;
		};
		E52AE6A42B6041EA006D5183 /* Frameworks */ = {
			isa = PBXFrameworksBuildPhase;
			buildActionMask = 2147483647;
			files = (
			);
			runOnlyForDeploymentPostprocessing = 0;
		};
/* End PBXFrameworksBuildPhase section */

/* Begin PBXGroup section */
		9FB51D212B6239F500FE9EE0 /* ListView */ = {
			isa = PBXGroup;
			children = (
				E52AE6922B6041E8006D5183 /* ListView.swift */,
				9FB51D222B623A0C00FE9EE0 /* ListViewModel.swift */,
			);
			path = ListView;
			sourceTree = "<group>";
		};
		9FB51D242B62B2D600FE9EE0 /* MainView */ = {
			isa = PBXGroup;
			children = (
				9FB51D252B62B2E900FE9EE0 /* MainView.swift */,
			);
			path = MainView;
			sourceTree = "<group>";
		};
		E52AE6842B6041E8006D5183 = {
			isa = PBXGroup;
			children = (
				E52AE68F2B6041E8006D5183 /* Pokedex */,
				E52AE6A02B6041E9006D5183 /* PokedexTests */,
				E52AE6AA2B6041EA006D5183 /* PokedexUITests */,
				E52AE68E2B6041E8006D5183 /* Products */,
			);
			sourceTree = "<group>";
		};
		E52AE68E2B6041E8006D5183 /* Products */ = {
			isa = PBXGroup;
			children = (
				E52AE68D2B6041E8006D5183 /* Pokedex.app */,
				E52AE69D2B6041E9006D5183 /* PokedexTests.xctest */,
				E52AE6A72B6041EA006D5183 /* PokedexUITests.xctest */,
			);
			name = Products;
			sourceTree = "<group>";
		};
		E52AE68F2B6041E8006D5183 /* Pokedex */ = {
			isa = PBXGroup;
			children = (
				E52AE6BC2B6048CF006D5183 /* Network */,
				E52AE6BB2B6048BA006D5183 /* Views */,
				E52AE6BA2B60489D006D5183 /* Data */,
				E52AE6902B6041E8006D5183 /* PokedexApp.swift */,
				E52AE6942B6041E9006D5183 /* Assets.xcassets */,
				E52AE6962B6041E9006D5183 /* Preview Content */,
			);
			path = Pokedex;
			sourceTree = "<group>";
		};
		E52AE6962B6041E9006D5183 /* Preview Content */ = {
			isa = PBXGroup;
			children = (
				E52AE6972B6041E9006D5183 /* Preview Assets.xcassets */,
			);
			path = "Preview Content";
			sourceTree = "<group>";
		};
		E52AE6A02B6041E9006D5183 /* PokedexTests */ = {
			isa = PBXGroup;
			children = (
				E52AE6A12B6041E9006D5183 /* PokedexTests.swift */,
			);
			path = PokedexTests;
			sourceTree = "<group>";
		};
		E52AE6AA2B6041EA006D5183 /* PokedexUITests */ = {
			isa = PBXGroup;
			children = (
				E52AE6AB2B6041EA006D5183 /* PokedexUITests.swift */,
				E52AE6AD2B6041EA006D5183 /* PokedexUITestsLaunchTests.swift */,
			);
			path = PokedexUITests;
			sourceTree = "<group>";
		};
		E52AE6BA2B60489D006D5183 /* Data */ = {
			isa = PBXGroup;
			children = (
				E52AE6BD2B604A3D006D5183 /* Pokemon.swift */,
			);
			path = Data;
			sourceTree = "<group>";
		};
		E52AE6BB2B6048BA006D5183 /* Views */ = {
			isa = PBXGroup;
			children = (
				9FB51D242B62B2D600FE9EE0 /* MainView */,
				9FB51D212B6239F500FE9EE0 /* ListView */,
			);
			path = Views;
			sourceTree = "<group>";
		};
		E52AE6BC2B6048CF006D5183 /* Network */ = {
			isa = PBXGroup;
			children = (
				E52AE6BF2B6057D8006D5183 /* PokemonServiceManager.swift */,
			);
			path = Network;
			sourceTree = "<group>";
		};
/* End PBXGroup section */

/* Begin PBXNativeTarget section */
		E52AE68C2B6041E8006D5183 /* Pokedex */ = {
			isa = PBXNativeTarget;
			buildConfigurationList = E52AE6B12B6041EA006D5183 /* Build configuration list for PBXNativeTarget "Pokedex" */;
			buildPhases = (
				E52AE6892B6041E8006D5183 /* Sources */,
				E52AE68A2B6041E8006D5183 /* Frameworks */,
				E52AE68B2B6041E8006D5183 /* Resources */,
			);
			buildRules = (
			);
			dependencies = (
			);
			name = Pokedex;
			productName = Pokedex;
			productReference = E52AE68D2B6041E8006D5183 /* Pokedex.app */;
			productType = "com.apple.product-type.application";
		};
		E52AE69C2B6041E9006D5183 /* PokedexTests */ = {
			isa = PBXNativeTarget;
			buildConfigurationList = E52AE6B42B6041EA006D5183 /* Build configuration list for PBXNativeTarget "PokedexTests" */;
			buildPhases = (
				E52AE6992B6041E9006D5183 /* Sources */,
				E52AE69A2B6041E9006D5183 /* Frameworks */,
				E52AE69B2B6041E9006D5183 /* Resources */,
			);
			buildRules = (
			);
			dependencies = (
				E52AE69F2B6041E9006D5183 /* PBXTargetDependency */,
			);
			name = PokedexTests;
			productName = PokedexTests;
			productReference = E52AE69D2B6041E9006D5183 /* PokedexTests.xctest */;
			productType = "com.apple.product-type.bundle.unit-test";
		};
		E52AE6A62B6041EA006D5183 /* PokedexUITests */ = {
			isa = PBXNativeTarget;
			buildConfigurationList = E52AE6B72B6041EA006D5183 /* Build configuration list for PBXNativeTarget "PokedexUITests" */;
			buildPhases = (
				E52AE6A32B6041EA006D5183 /* Sources */,
				E52AE6A42B6041EA006D5183 /* Frameworks */,
				E52AE6A52B6041EA006D5183 /* Resources */,
			);
			buildRules = (
			);
			dependencies = (
				E52AE6A92B6041EA006D5183 /* PBXTargetDependency */,
			);
			name = PokedexUITests;
			productName = PokedexUITests;
			productReference = E52AE6A72B6041EA006D5183 /* PokedexUITests.xctest */;
			productType = "com.apple.product-type.bundle.ui-testing";
		};
/* End PBXNativeTarget section */

/* Begin PBXProject section */
		E52AE6852B6041E8006D5183 /* Project object */ = {
			isa = PBXProject;
			attributes = {
				BuildIndependentTargetsInParallel = 1;
				LastSwiftUpdateCheck = 1430;
				LastUpgradeCheck = 1430;
				TargetAttributes = {
					E52AE68C2B6041E8006D5183 = {
						CreatedOnToolsVersion = 14.3.1;
					};
					E52AE69C2B6041E9006D5183 = {
						CreatedOnToolsVersion = 14.3.1;
						TestTargetID = E52AE68C2B6041E8006D5183;
					};
					E52AE6A62B6041EA006D5183 = {
						CreatedOnToolsVersion = 14.3.1;
						TestTargetID = E52AE68C2B6041E8006D5183;
					};
				};
			};
			buildConfigurationList = E52AE6882B6041E8006D5183 /* Build configuration list for PBXProject "Pokedex" */;
			compatibilityVersion = "Xcode 14.0";
			developmentRegion = en;
			hasScannedForEncodings = 0;
			knownRegions = (
				en,
				Base,
			);
			mainGroup = E52AE6842B6041E8006D5183;
			productRefGroup = E52AE68E2B6041E8006D5183 /* Products */;
			projectDirPath = "";
			projectRoot = "";
			targets = (
				E52AE68C2B6041E8006D5183 /* Pokedex */,
				E52AE69C2B6041E9006D5183 /* PokedexTests */,
				E52AE6A62B6041EA006D5183 /* PokedexUITests */,
			);
		};
/* End PBXProject section */

/* Begin PBXResourcesBuildPhase section */
		E52AE68B2B6041E8006D5183 /* Resources */ = {
			isa = PBXResourcesBuildPhase;
			buildActionMask = 2147483647;
			files = (
				E52AE6982B6041E9006D5183 /* Preview Assets.xcassets in Resources */,
				E52AE6952B6041E9006D5183 /* Assets.xcassets in Resources */,
			);
			runOnlyForDeploymentPostprocessing = 0;
		};
		E52AE69B2B6041E9006D5183 /* Resources */ = {
			isa = PBXResourcesBuildPhase;
			buildActionMask = 2147483647;
			files = (
			);
			runOnlyForDeploymentPostprocessing = 0;
		};
		E52AE6A52B6041EA006D5183 /* Resources */ = {
			isa = PBXResourcesBuildPhase;
			buildActionMask = 2147483647;
			files = (
			);
			runOnlyForDeploymentPostprocessing = 0;
		};
/* End PBXResourcesBuildPhase section */

/* Begin PBXSourcesBuildPhase section */
		E52AE6892B6041E8006D5183 /* Sources */ = {
			isa = PBXSourcesBuildPhase;
			buildActionMask = 2147483647;
			files = (
				9FB51D232B623A0C00FE9EE0 /* ListViewModel.swift in Sources */,
				9FB51D262B62B2E900FE9EE0 /* MainView.swift in Sources */,
				E52AE6C02B6057D8006D5183 /* PokemonServiceManager.swift in Sources */,
				E52AE6932B6041E8006D5183 /* ListView.swift in Sources */,
				E52AE6912B6041E8006D5183 /* PokedexApp.swift in Sources */,
				E52AE6BE2B604A3D006D5183 /* Pokemon.swift in Sources */,
			);
			runOnlyForDeploymentPostprocessing = 0;
		};
		E52AE6992B6041E9006D5183 /* Sources */ = {
			isa = PBXSourcesBuildPhase;
			buildActionMask = 2147483647;
			files = (
				E52AE6A22B6041E9006D5183 /* PokedexTests.swift in Sources */,
			);
			runOnlyForDeploymentPostprocessing = 0;
		};
		E52AE6A32B6041EA006D5183 /* Sources */ = {
			isa = PBXSourcesBuildPhase;
			buildActionMask = 2147483647;
			files = (
				E52AE6AC2B6041EA006D5183 /* PokedexUITests.swift in Sources */,
				E52AE6AE2B6041EA006D5183 /* PokedexUITestsLaunchTests.swift in Sources */,
			);
			runOnlyForDeploymentPostprocessing = 0;
		};
/* End PBXSourcesBuildPhase section */

/* Begin PBXTargetDependency section */
		E52AE69F2B6041E9006D5183 /* PBXTargetDependency */ = {
			isa = PBXTargetDependency;
			target = E52AE68C2B6041E8006D5183 /* Pokedex */;
			targetProxy = E52AE69E2B6041E9006D5183 /* PBXContainerItemProxy */;
		};
		E52AE6A92B6041EA006D5183 /* PBXTargetDependency */ = {
			isa = PBXTargetDependency;
			target = E52AE68C2B6041E8006D5183 /* Pokedex */;
			targetProxy = E52AE6A82B6041EA006D5183 /* PBXContainerItemProxy */;
		};
/* End PBXTargetDependency section */

/* Begin XCBuildConfiguration section */
		E52AE6AF2B6041EA006D5183 /* Debug */ = {
			isa = XCBuildConfiguration;
			buildSettings = {
				ALWAYS_SEARCH_USER_PATHS = NO;
				CLANG_ANALYZER_NONNULL = YES;
				CLANG_ANALYZER_NUMBER_OBJECT_CONVERSION = YES_AGGRESSIVE;
				CLANG_CXX_LANGUAGE_STANDARD = "gnu++20";
				CLANG_ENABLE_MODULES = YES;
				CLANG_ENABLE_OBJC_ARC = YES;
				CLANG_ENABLE_OBJC_WEAK = YES;
				CLANG_WARN_BLOCK_CAPTURE_AUTORELEASING = YES;
				CLANG_WARN_BOOL_CONVERSION = YES;
				CLANG_WARN_COMMA = YES;
				CLANG_WARN_CONSTANT_CONVERSION = YES;
				CLANG_WARN_DEPRECATED_OBJC_IMPLEMENTATIONS = YES;
				CLANG_WARN_DIRECT_OBJC_ISA_USAGE = YES_ERROR;
				CLANG_WARN_DOCUMENTATION_COMMENTS = YES;
				CLANG_WARN_EMPTY_BODY = YES;
				CLANG_WARN_ENUM_CONVERSION = YES;
				CLANG_WARN_INFINITE_RECURSION = YES;
				CLANG_WARN_INT_CONVERSION = YES;
				CLANG_WARN_NON_LITERAL_NULL_CONVERSION = YES;
				CLANG_WARN_OBJC_IMPLICIT_RETAIN_SELF = YES;
				CLANG_WARN_OBJC_LITERAL_CONVERSION = YES;
				CLANG_WARN_OBJC_ROOT_CLASS = YES_ERROR;
				CLANG_WARN_QUOTED_INCLUDE_IN_FRAMEWORK_HEADER = YES;
				CLANG_WARN_RANGE_LOOP_ANALYSIS = YES;
				CLANG_WARN_STRICT_PROTOTYPES = YES;
				CLANG_WARN_SUSPICIOUS_MOVE = YES;
				CLANG_WARN_UNGUARDED_AVAILABILITY = YES_AGGRESSIVE;
				CLANG_WARN_UNREACHABLE_CODE = YES;
				CLANG_WARN__DUPLICATE_METHOD_MATCH = YES;
				COPY_PHASE_STRIP = NO;
				DEBUG_INFORMATION_FORMAT = dwarf;
				ENABLE_STRICT_OBJC_MSGSEND = YES;
				ENABLE_TESTABILITY = YES;
				GCC_C_LANGUAGE_STANDARD = gnu11;
				GCC_DYNAMIC_NO_PIC = NO;
				GCC_NO_COMMON_BLOCKS = YES;
				GCC_OPTIMIZATION_LEVEL = 0;
				GCC_PREPROCESSOR_DEFINITIONS = (
					"DEBUG=1",
					"$(inherited)",
				);
				GCC_WARN_64_TO_32_BIT_CONVERSION = YES;
				GCC_WARN_ABOUT_RETURN_TYPE = YES_ERROR;
				GCC_WARN_UNDECLARED_SELECTOR = YES;
				GCC_WARN_UNINITIALIZED_AUTOS = YES_AGGRESSIVE;
				GCC_WARN_UNUSED_FUNCTION = YES;
				GCC_WARN_UNUSED_VARIABLE = YES;
				IPHONEOS_DEPLOYMENT_TARGET = 16.4;
				MTL_ENABLE_DEBUG_INFO = INCLUDE_SOURCE;
				MTL_FAST_MATH = YES;
				ONLY_ACTIVE_ARCH = YES;
				SDKROOT = iphoneos;
				SWIFT_ACTIVE_COMPILATION_CONDITIONS = DEBUG;
				SWIFT_OPTIMIZATION_LEVEL = "-Onone";
			};
			name = Debug;
		};
		E52AE6B02B6041EA006D5183 /* Release */ = {
			isa = XCBuildConfiguration;
			buildSettings = {
				ALWAYS_SEARCH_USER_PATHS = NO;
				CLANG_ANALYZER_NONNULL = YES;
				CLANG_ANALYZER_NUMBER_OBJECT_CONVERSION = YES_AGGRESSIVE;
				CLANG_CXX_LANGUAGE_STANDARD = "gnu++20";
				CLANG_ENABLE_MODULES = YES;
				CLANG_ENABLE_OBJC_ARC = YES;
				CLANG_ENABLE_OBJC_WEAK = YES;
				CLANG_WARN_BLOCK_CAPTURE_AUTORELEASING = YES;
				CLANG_WARN_BOOL_CONVERSION = YES;
				CLANG_WARN_COMMA = YES;
				CLANG_WARN_CONSTANT_CONVERSION = YES;
				CLANG_WARN_DEPRECATED_OBJC_IMPLEMENTATIONS = YES;
				CLANG_WARN_DIRECT_OBJC_ISA_USAGE = YES_ERROR;
				CLANG_WARN_DOCUMENTATION_COMMENTS = YES;
				CLANG_WARN_EMPTY_BODY = YES;
				CLANG_WARN_ENUM_CONVERSION = YES;
				CLANG_WARN_INFINITE_RECURSION = YES;
				CLANG_WARN_INT_CONVERSION = YES;
				CLANG_WARN_NON_LITERAL_NULL_CONVERSION = YES;
				CLANG_WARN_OBJC_IMPLICIT_RETAIN_SELF = YES;
				CLANG_WARN_OBJC_LITERAL_CONVERSION = YES;
				CLANG_WARN_OBJC_ROOT_CLASS = YES_ERROR;
				CLANG_WARN_QUOTED_INCLUDE_IN_FRAMEWORK_HEADER = YES;
				CLANG_WARN_RANGE_LOOP_ANALYSIS = YES;
				CLANG_WARN_STRICT_PROTOTYPES = YES;
				CLANG_WARN_SUSPICIOUS_MOVE = YES;
				CLANG_WARN_UNGUARDED_AVAILABILITY = YES_AGGRESSIVE;
				CLANG_WARN_UNREACHABLE_CODE = YES;
				CLANG_WARN__DUPLICATE_METHOD_MATCH = YES;
				COPY_PHASE_STRIP = NO;
				DEBUG_INFORMATION_FORMAT = "dwarf-with-dsym";
				ENABLE_NS_ASSERTIONS = NO;
				ENABLE_STRICT_OBJC_MSGSEND = YES;
				GCC_C_LANGUAGE_STANDARD = gnu11;
				GCC_NO_COMMON_BLOCKS = YES;
				GCC_WARN_64_TO_32_BIT_CONVERSION = YES;
				GCC_WARN_ABOUT_RETURN_TYPE = YES_ERROR;
				GCC_WARN_UNDECLARED_SELECTOR = YES;
				GCC_WARN_UNINITIALIZED_AUTOS = YES_AGGRESSIVE;
				GCC_WARN_UNUSED_FUNCTION = YES;
				GCC_WARN_UNUSED_VARIABLE = YES;
				IPHONEOS_DEPLOYMENT_TARGET = 16.4;
				MTL_ENABLE_DEBUG_INFO = NO;
				MTL_FAST_MATH = YES;
				SDKROOT = iphoneos;
				SWIFT_COMPILATION_MODE = wholemodule;
				SWIFT_OPTIMIZATION_LEVEL = "-O";
				VALIDATE_PRODUCT = YES;
			};
			name = Release;
		};
		E52AE6B22B6041EA006D5183 /* Debug */ = {
			isa = XCBuildConfiguration;
			buildSettings = {
				ASSETCATALOG_COMPILER_APPICON_NAME = AppIcon;
				ASSETCATALOG_COMPILER_GLOBAL_ACCENT_COLOR_NAME = AccentColor;
				CODE_SIGN_STYLE = Automatic;
				CURRENT_PROJECT_VERSION = 1;
				DEVELOPMENT_ASSET_PATHS = "\"Pokedex/Preview Content\"";
				DEVELOPMENT_TEAM = 6A8498PHTR;
				ENABLE_PREVIEWS = YES;
				GENERATE_INFOPLIST_FILE = YES;
				INFOPLIST_KEY_CFBundleDisplayName = PokeApp;
				INFOPLIST_KEY_LSApplicationCategoryType = "public.app-category.entertainment";
				INFOPLIST_KEY_UIApplicationSceneManifest_Generation = YES;
				INFOPLIST_KEY_UIApplicationSupportsIndirectInputEvents = YES;
				INFOPLIST_KEY_UILaunchScreen_Generation = YES;
				INFOPLIST_KEY_UISupportedInterfaceOrientations_iPad = "UIInterfaceOrientationPortrait UIInterfaceOrientationPortraitUpsideDown UIInterfaceOrientationLandscapeLeft UIInterfaceOrientationLandscapeRight";
				INFOPLIST_KEY_UISupportedInterfaceOrientations_iPhone = "UIInterfaceOrientationPortrait UIInterfaceOrientationLandscapeLeft UIInterfaceOrientationLandscapeRight";
				LD_RUNPATH_SEARCH_PATHS = (
					"$(inherited)",
					"@executable_path/Frameworks",
				);
				MARKETING_VERSION = 1.0;
				PRODUCT_BUNDLE_IDENTIFIER = com.or.Pokedex;
				PRODUCT_NAME = "$(TARGET_NAME)";
				SUPPORTED_PLATFORMS = "iphoneos iphonesimulator";
				SUPPORTS_MACCATALYST = NO;
				SUPPORTS_MAC_DESIGNED_FOR_IPHONE_IPAD = NO;
				SWIFT_EMIT_LOC_STRINGS = YES;
				SWIFT_VERSION = 5.0;
				TARGETED_DEVICE_FAMILY = "1,2";
			};
			name = Debug;
		};
		E52AE6B32B6041EA006D5183 /* Release */ = {
			isa = XCBuildConfiguration;
			buildSettings = {
				ASSETCATALOG_COMPILER_APPICON_NAME = AppIcon;
				ASSETCATALOG_COMPILER_GLOBAL_ACCENT_COLOR_NAME = AccentColor;
				CODE_SIGN_STYLE = Automatic;
				CURRENT_PROJECT_VERSION = 1;
				DEVELOPMENT_ASSET_PATHS = "\"Pokedex/Preview Content\"";
				DEVELOPMENT_TEAM = 6A8498PHTR;
				ENABLE_PREVIEWS = YES;
				GENERATE_INFOPLIST_FILE = YES;
				INFOPLIST_KEY_CFBundleDisplayName = PokeApp;
				INFOPLIST_KEY_LSApplicationCategoryType = "public.app-category.entertainment";
				INFOPLIST_KEY_UIApplicationSceneManifest_Generation = YES;
				INFOPLIST_KEY_UIApplicationSupportsIndirectInputEvents = YES;
				INFOPLIST_KEY_UILaunchScreen_Generation = YES;
				INFOPLIST_KEY_UISupportedInterfaceOrientations_iPad = "UIInterfaceOrientationPortrait UIInterfaceOrientationPortraitUpsideDown UIInterfaceOrientationLandscapeLeft UIInterfaceOrientationLandscapeRight";
				INFOPLIST_KEY_UISupportedInterfaceOrientations_iPhone = "UIInterfaceOrientationPortrait UIInterfaceOrientationLandscapeLeft UIInterfaceOrientationLandscapeRight";
				LD_RUNPATH_SEARCH_PATHS = (
					"$(inherited)",
					"@executable_path/Frameworks",
				);
				MARKETING_VERSION = 1.0;
				PRODUCT_BUNDLE_IDENTIFIER = com.or.Pokedex;
				PRODUCT_NAME = "$(TARGET_NAME)";
				SUPPORTED_PLATFORMS = "iphoneos iphonesimulator";
				SUPPORTS_MACCATALYST = NO;
				SUPPORTS_MAC_DESIGNED_FOR_IPHONE_IPAD = NO;
				SWIFT_EMIT_LOC_STRINGS = YES;
				SWIFT_VERSION = 5.0;
				TARGETED_DEVICE_FAMILY = "1,2";
			};
			name = Release;
		};
		E52AE6B52B6041EA006D5183 /* Debug */ = {
			isa = XCBuildConfiguration;
			buildSettings = {
				ALWAYS_EMBED_SWIFT_STANDARD_LIBRARIES = YES;
				BUNDLE_LOADER = "$(TEST_HOST)";
				CODE_SIGN_STYLE = Automatic;
				CURRENT_PROJECT_VERSION = 1;
				DEVELOPMENT_TEAM = 6A8498PHTR;
				GENERATE_INFOPLIST_FILE = YES;
				IPHONEOS_DEPLOYMENT_TARGET = 16.4;
				MARKETING_VERSION = 1.0;
				PRODUCT_BUNDLE_IDENTIFIER = com.or.PokedexTests;
				PRODUCT_NAME = "$(TARGET_NAME)";
				SWIFT_EMIT_LOC_STRINGS = NO;
				SWIFT_VERSION = 5.0;
				TARGETED_DEVICE_FAMILY = "1,2";
				TEST_HOST = "$(BUILT_PRODUCTS_DIR)/Pokedex.app/$(BUNDLE_EXECUTABLE_FOLDER_PATH)/Pokedex";
			};
			name = Debug;
		};
		E52AE6B62B6041EA006D5183 /* Release */ = {
			isa = XCBuildConfiguration;
			buildSettings = {
				ALWAYS_EMBED_SWIFT_STANDARD_LIBRARIES = YES;
				BUNDLE_LOADER = "$(TEST_HOST)";
				CODE_SIGN_STYLE = Automatic;
				CURRENT_PROJECT_VERSION = 1;
				DEVELOPMENT_TEAM = 6A8498PHTR;
				GENERATE_INFOPLIST_FILE = YES;
				IPHONEOS_DEPLOYMENT_TARGET = 16.4;
				MARKETING_VERSION = 1.0;
				PRODUCT_BUNDLE_IDENTIFIER = com.or.PokedexTests;
				PRODUCT_NAME = "$(TARGET_NAME)";
				SWIFT_EMIT_LOC_STRINGS = NO;
				SWIFT_VERSION = 5.0;
				TARGETED_DEVICE_FAMILY = "1,2";
				TEST_HOST = "$(BUILT_PRODUCTS_DIR)/Pokedex.app/$(BUNDLE_EXECUTABLE_FOLDER_PATH)/Pokedex";
			};
			name = Release;
		};
		E52AE6B82B6041EA006D5183 /* Debug */ = {
			isa = XCBuildConfiguration;
			buildSettings = {
				ALWAYS_EMBED_SWIFT_STANDARD_LIBRARIES = YES;
				CODE_SIGN_STYLE = Automatic;
				CURRENT_PROJECT_VERSION = 1;
				DEVELOPMENT_TEAM = 6A8498PHTR;
				GENERATE_INFOPLIST_FILE = YES;
				MARKETING_VERSION = 1.0;
				PRODUCT_BUNDLE_IDENTIFIER = com.or.PokedexUITests;
				PRODUCT_NAME = "$(TARGET_NAME)";
				SWIFT_EMIT_LOC_STRINGS = NO;
				SWIFT_VERSION = 5.0;
				TARGETED_DEVICE_FAMILY = "1,2";
				TEST_TARGET_NAME = Pokedex;
			};
			name = Debug;
		};
		E52AE6B92B6041EA006D5183 /* Release */ = {
			isa = XCBuildConfiguration;
			buildSettings = {
				ALWAYS_EMBED_SWIFT_STANDARD_LIBRARIES = YES;
				CODE_SIGN_STYLE = Automatic;
				CURRENT_PROJECT_VERSION = 1;
				DEVELOPMENT_TEAM = 6A8498PHTR;
				GENERATE_INFOPLIST_FILE = YES;
				MARKETING_VERSION = 1.0;
				PRODUCT_BUNDLE_IDENTIFIER = com.or.PokedexUITests;
				PRODUCT_NAME = "$(TARGET_NAME)";
				SWIFT_EMIT_LOC_STRINGS = NO;
				SWIFT_VERSION = 5.0;
				TARGETED_DEVICE_FAMILY = "1,2";
				TEST_TARGET_NAME = Pokedex;
			};
			name = Release;
		};
/* End XCBuildConfiguration section */

/* Begin XCConfigurationList section */
		E52AE6882B6041E8006D5183 /* Build configuration list for PBXProject "Pokedex" */ = {
			isa = XCConfigurationList;
			buildConfigurations = (
				E52AE6AF2B6041EA006D5183 /* Debug */,
				E52AE6B02B6041EA006D5183 /* Release */,
			);
			defaultConfigurationIsVisible = 0;
			defaultConfigurationName = Release;
		};
		E52AE6B12B6041EA006D5183 /* Build configuration list for PBXNativeTarget "Pokedex" */ = {
			isa = XCConfigurationList;
			buildConfigurations = (
				E52AE6B22B6041EA006D5183 /* Debug */,
				E52AE6B32B6041EA006D5183 /* Release */,
			);
			defaultConfigurationIsVisible = 0;
			defaultConfigurationName = Release;
		};
		E52AE6B42B6041EA006D5183 /* Build configuration list for PBXNativeTarget "PokedexTests" */ = {
			isa = XCConfigurationList;
			buildConfigurations = (
				E52AE6B52B6041EA006D5183 /* Debug */,
				E52AE6B62B6041EA006D5183 /* Release */,
			);
			defaultConfigurationIsVisible = 0;
			defaultConfigurationName = Release;
		};
		E52AE6B72B6041EA006D5183 /* Build configuration list for PBXNativeTarget "PokedexUITests" */ = {
			isa = XCConfigurationList;
			buildConfigurations = (
				E52AE6B82B6041EA006D5183 /* Debug */,
				E52AE6B92B6041EA006D5183 /* Release */,
			);
			defaultConfigurationIsVisible = 0;
			defaultConfigurationName = Release;
		};
/* End XCConfigurationList section */
	};
	rootObject = E52AE6852B6041E8006D5183 /* Project object */;
}
